
Microsoft Visual Studio Solution File, Format Version 12.00
# Visual Studio Version 16
VisualStudioVersion = 16.0.29709.97
MinimumVisualStudioVersion = 10.0.40219.1
Project("{9A19103F-16F7-4668-BE54-9A1E7A4F7556}") = "Whiteboard7", "Whiteboard7\Whiteboard7.csproj", "{344492AE-60D1-4E21-B70A-6C2EBCFE0836}"
EndProject
Project("{9A19103F-16F7-4668-BE54-9A1E7A4F7556}") = "PyramidBrickCount", "PyramidBrickCount\PyramidBrickCount.csproj", "{4716AACC-90A7-4039-B0A9-F23C0C338C1E}"
EndProject
Project("{9A19103F-16F7-4668-BE54-9A1E7A4F7556}") = "SumOfOdds", "sumOfOdds\SumOfOdds.csproj", "{C8B97C9F-FA96-48AF-95D3-9AABBAE7B46D}"
EndProject
Project("{2150E333-8FDC-42A3-9474-1A3956D46DE8}") = "Solution Items", "Solution Items", "{F55ECFD7-D0C1-4484-BA1D-66F9836756F8}"
	ProjectSection(SolutionItems) = preProject
		.editorconfig = .editorconfig
	EndProjectSection
EndProject
Project("{9A19103F-16F7-4668-BE54-9A1E7A4F7556}") = "CalculatingAverages", "CalculatingAverages\CalculatingAverages.csproj", "{FC940E67-E849-4324-BE7A-33ECFC4D0BFE}"
EndProject
Project("{9A19103F-16F7-4668-BE54-9A1E7A4F7556}") = "MonteCarlo", "MonteCarlo\MonteCarlo.csproj", "{E8B0E52C-CAED-4D5C-9F8C-6CEA6D298427}"
EndProject
Project("{9A19103F-16F7-4668-BE54-9A1E7A4F7556}") = "AnimalSound", "AnimalSound\AnimalSound.csproj", "{57B489D9-91DA-42C9-9D4E-DEAAF59334B9}"
EndProject
Project("{9A19103F-16F7-4668-BE54-9A1E7A4F7556}") = "RecursiveMethods", "RecursiveMethods\RecursiveMethods.csproj", "{3D7F5304-4CE1-4FDE-8C19-A24ABCD61FC6}"
EndProject
Project("{9A19103F-16F7-4668-BE54-9A1E7A4F7556}") = "XYZ", "XYZ\XYZ.csproj", "{C5F0EC52-6B4A-4FD6-9FA0-4EA6DCEE7E37}"
EndProject
Project("{9A19103F-16F7-4668-BE54-9A1E7A4F7556}") = "MathPi", "MathPi\MathPi.csproj", "{0C0C8EFD-1AD0-4738-8773-52BFC13F2EAE}"
EndProject
Project("{9A19103F-16F7-4668-BE54-9A1E7A4F7556}") = "Tuition", "Tuition\Tuition.csproj", "{BB0B8D09-68ED-4D1F-9C9D-2D21EE3196D5}"
EndProject
Project("{9A19103F-16F7-4668-BE54-9A1E7A4F7556}") = "EX3AErrorsExceptions", "EX3AErrorsExceptions\EX3AErrorsExceptions.csproj", "{DAFBBB80-D285-4E20-9DD6-EA869810EA32}"
EndProject
Project("{9A19103F-16F7-4668-BE54-9A1E7A4F7556}") = "MathematicalFormulas", "MathematicelFormulas\MathematicalFormulas.csproj", "{8306751C-2471-42B0-8962-84CB0B3B1AC4}"
EndProject
Project("{9A19103F-16F7-4668-BE54-9A1E7A4F7556}") = "Ex4D", "Ex4D\Ex4D.csproj", "{8826A25F-25DA-458C-9A50-37A1F5F78136}"
EndProject
Project("{9A19103F-16F7-4668-BE54-9A1E7A4F7556}") = "ReverseString", "ReverseSpelling\ReverseString.csproj", "{94884C87-2231-4D94-84E4-70A90F794656}"
EndProject
Project("{9A19103F-16F7-4668-BE54-9A1E7A4F7556}") = "ReverseStringTest", "ReverseStringTest\ReverseStringTest.csproj", "{1BBF051F-5BDF-4844-A636-AA0F99A581D9}"
EndProject
Project("{9A19103F-16F7-4668-BE54-9A1E7A4F7556}") = "GetCharacterPosition", "StringCount\GetCharacterPosition.csproj", "{9ECEAFD2-01B4-4F0F-AA2C-CDBF30051475}"
EndProject
Project("{9A19103F-16F7-4668-BE54-9A1E7A4F7556}") = "PalindromeLib", "PalindromeLib\PalindromeLib.csproj", "{1CD113FC-EA17-4C62-B16C-3CF009083A20}"
EndProject
Project("{9A19103F-16F7-4668-BE54-9A1E7A4F7556}") = "PalindromeTest", "PalindromeTest\PalindromeTest.csproj", "{7549F8F1-95F7-4F5D-AD16-84263D7934CA}"
EndProject
Project("{9A19103F-16F7-4668-BE54-9A1E7A4F7556}") = "Quizzes", "Quizzes\Quizzes.csproj", "{ECA5BE3D-F816-4B66-A3C9-A9B41E0C96A7}"
EndProject
Project("{9A19103F-16F7-4668-BE54-9A1E7A4F7556}") = "FindJulian", "FindJulian\FindJulian.csproj", "{9FB043C9-6C1D-41D8-93F6-3B685BB1EE88}"
EndProject
Project("{9A19103F-16F7-4668-BE54-9A1E7A4F7556}") = "Calendar", "..\..\..\Downloads\Whiteboard7-master-200211\Whiteboard7-master\Calendar\Calendar.csproj", "{696E0B1C-FFF0-4B8A-846F-129D6C879D32}"
EndProject
Project("{9A19103F-16F7-4668-BE54-9A1E7A4F7556}") = "CalendarTest", "..\..\..\Downloads\Whiteboard7-master-200211\Whiteboard7-master\CalendarTest\CalendarTest.csproj", "{BF92A307-B256-4006-9993-95C6F6B85D5D}"
EndProject
Project("{9A19103F-16F7-4668-BE54-9A1E7A4F7556}") = "Alphabetize", "Alphabetize\Alphabetize.csproj", "{127E404B-BFFB-48F5-8615-FD3AF5608C50}"
EndProject
Project("{9A19103F-16F7-4668-BE54-9A1E7A4F7556}") = "AlphabetizedTest", "AlphabetizedTest\AlphabetizedTest.csproj", "{62610F4D-4B6D-4DB5-95FA-BB5DFC91A75F}"
EndProject
Project("{9A19103F-16F7-4668-BE54-9A1E7A4F7556}") = "FlattenArray", "FlattenArray\FlattenArray.csproj", "{82EE9CDC-CFC0-425E-A202-49BEFCB7A8ED}"
EndProject
Project("{9A19103F-16F7-4668-BE54-9A1E7A4F7556}") = "SwapValue", "SwapValue\SwapValue.csproj", "{DE362537-8215-4B77-85EE-DF50C92712E2}"
EndProject
Project("{9A19103F-16F7-4668-BE54-9A1E7A4F7556}") = "SwapValueTest", "SwapValueTest\SwapValueTest.csproj", "{E9BA0D9B-31C1-40AF-B434-6B0245B485F5}"
EndProject
Project("{9A19103F-16F7-4668-BE54-9A1E7A4F7556}") = "SortArray", "SortArray\SortArray.csproj", "{FC410457-8CC8-4860-B515-05554C923474}"
EndProject
Project("{9A19103F-16F7-4668-BE54-9A1E7A4F7556}") = "GameRoulette", "GameRoulette\GameRoulette.csproj", "{3318406A-0D1B-4107-B57D-378691545433}"
EndProject
Project("{FAE04EC0-301F-11D3-BF4B-00C04F79EFBC}") = "LangFeatures7", "LangFeatures7\LangFeatures7.csproj", "{A0A94F5D-0CF8-4D06-B3F3-BF3DA33D885A}"
EndProject
Project("{FAE04EC0-301F-11D3-BF4B-00C04F79EFBC}") = "LongestWord", "LongestWord\LongestWord.csproj", "{A5DC1481-6F8C-439F-8AF4-FB156860A21A}"
EndProject
Project("{FAE04EC0-301F-11D3-BF4B-00C04F79EFBC}") = "PrimeNumbers", "PrimeNumbers\PrimeNumbers.csproj", "{B17EDDEA-DC86-4A0F-8368-B90F37777275}"
EndProject
Project("{FAE04EC0-301F-11D3-BF4B-00C04F79EFBC}") = "PrimeNumberTest", "PrimeNumberTest\PrimeNumberTest.csproj", "{30E66C50-ED61-499C-B3DB-8636540B6973}"
EndProject
Project("{FAE04EC0-301F-11D3-BF4B-00C04F79EFBC}") = "ClockDegreeAngle", "ClockDegreeAngle\ClockDegreeAngle.csproj", "{F32BEA58-54F7-4226-83B6-FDBF6087D171}"
EndProject
Global
	GlobalSection(SolutionConfigurationPlatforms) = preSolution
		Debug|Any CPU = Debug|Any CPU
		Release|Any CPU = Release|Any CPU
	EndGlobalSection
	GlobalSection(ProjectConfigurationPlatforms) = postSolution
		{344492AE-60D1-4E21-B70A-6C2EBCFE0836}.Debug|Any CPU.ActiveCfg = Debug|Any CPU
		{344492AE-60D1-4E21-B70A-6C2EBCFE0836}.Debug|Any CPU.Build.0 = Debug|Any CPU
		{344492AE-60D1-4E21-B70A-6C2EBCFE0836}.Release|Any CPU.ActiveCfg = Release|Any CPU
		{344492AE-60D1-4E21-B70A-6C2EBCFE0836}.Release|Any CPU.Build.0 = Release|Any CPU
		{4716AACC-90A7-4039-B0A9-F23C0C338C1E}.Debug|Any CPU.ActiveCfg = Debug|Any CPU
		{4716AACC-90A7-4039-B0A9-F23C0C338C1E}.Debug|Any CPU.Build.0 = Debug|Any CPU
		{4716AACC-90A7-4039-B0A9-F23C0C338C1E}.Release|Any CPU.ActiveCfg = Release|Any CPU
		{4716AACC-90A7-4039-B0A9-F23C0C338C1E}.Release|Any CPU.Build.0 = Release|Any CPU
		{C8B97C9F-FA96-48AF-95D3-9AABBAE7B46D}.Debug|Any CPU.ActiveCfg = Debug|Any CPU
		{C8B97C9F-FA96-48AF-95D3-9AABBAE7B46D}.Debug|Any CPU.Build.0 = Debug|Any CPU
		{C8B97C9F-FA96-48AF-95D3-9AABBAE7B46D}.Release|Any CPU.ActiveCfg = Release|Any CPU
		{C8B97C9F-FA96-48AF-95D3-9AABBAE7B46D}.Release|Any CPU.Build.0 = Release|Any CPU
		{FC940E67-E849-4324-BE7A-33ECFC4D0BFE}.Debug|Any CPU.ActiveCfg = Debug|Any CPU
		{FC940E67-E849-4324-BE7A-33ECFC4D0BFE}.Debug|Any CPU.Build.0 = Debug|Any CPU
		{FC940E67-E849-4324-BE7A-33ECFC4D0BFE}.Release|Any CPU.ActiveCfg = Release|Any CPU
		{FC940E67-E849-4324-BE7A-33ECFC4D0BFE}.Release|Any CPU.Build.0 = Release|Any CPU
		{E8B0E52C-CAED-4D5C-9F8C-6CEA6D298427}.Debug|Any CPU.ActiveCfg = Debug|Any CPU
		{E8B0E52C-CAED-4D5C-9F8C-6CEA6D298427}.Debug|Any CPU.Build.0 = Debug|Any CPU
		{E8B0E52C-CAED-4D5C-9F8C-6CEA6D298427}.Release|Any CPU.ActiveCfg = Release|Any CPU
		{E8B0E52C-CAED-4D5C-9F8C-6CEA6D298427}.Release|Any CPU.Build.0 = Release|Any CPU
		{57B489D9-91DA-42C9-9D4E-DEAAF59334B9}.Debug|Any CPU.ActiveCfg = Debug|Any CPU
		{57B489D9-91DA-42C9-9D4E-DEAAF59334B9}.Debug|Any CPU.Build.0 = Debug|Any CPU
		{57B489D9-91DA-42C9-9D4E-DEAAF59334B9}.Release|Any CPU.ActiveCfg = Release|Any CPU
		{57B489D9-91DA-42C9-9D4E-DEAAF59334B9}.Release|Any CPU.Build.0 = Release|Any CPU
		{3D7F5304-4CE1-4FDE-8C19-A24ABCD61FC6}.Debug|Any CPU.ActiveCfg = Debug|Any CPU
		{3D7F5304-4CE1-4FDE-8C19-A24ABCD61FC6}.Debug|Any CPU.Build.0 = Debug|Any CPU
		{3D7F5304-4CE1-4FDE-8C19-A24ABCD61FC6}.Release|Any CPU.ActiveCfg = Release|Any CPU
		{3D7F5304-4CE1-4FDE-8C19-A24ABCD61FC6}.Release|Any CPU.Build.0 = Release|Any CPU
		{C5F0EC52-6B4A-4FD6-9FA0-4EA6DCEE7E37}.Debug|Any CPU.ActiveCfg = Debug|Any CPU
		{C5F0EC52-6B4A-4FD6-9FA0-4EA6DCEE7E37}.Debug|Any CPU.Build.0 = Debug|Any CPU
		{C5F0EC52-6B4A-4FD6-9FA0-4EA6DCEE7E37}.Release|Any CPU.ActiveCfg = Release|Any CPU
		{C5F0EC52-6B4A-4FD6-9FA0-4EA6DCEE7E37}.Release|Any CPU.Build.0 = Release|Any CPU
		{0C0C8EFD-1AD0-4738-8773-52BFC13F2EAE}.Debug|Any CPU.ActiveCfg = Debug|Any CPU
		{0C0C8EFD-1AD0-4738-8773-52BFC13F2EAE}.Debug|Any CPU.Build.0 = Debug|Any CPU
		{0C0C8EFD-1AD0-4738-8773-52BFC13F2EAE}.Release|Any CPU.ActiveCfg = Release|Any CPU
		{0C0C8EFD-1AD0-4738-8773-52BFC13F2EAE}.Release|Any CPU.Build.0 = Release|Any CPU
		{BB0B8D09-68ED-4D1F-9C9D-2D21EE3196D5}.Debug|Any CPU.ActiveCfg = Debug|Any CPU
		{BB0B8D09-68ED-4D1F-9C9D-2D21EE3196D5}.Debug|Any CPU.Build.0 = Debug|Any CPU
		{BB0B8D09-68ED-4D1F-9C9D-2D21EE3196D5}.Release|Any CPU.ActiveCfg = Release|Any CPU
		{BB0B8D09-68ED-4D1F-9C9D-2D21EE3196D5}.Release|Any CPU.Build.0 = Release|Any CPU
		{DAFBBB80-D285-4E20-9DD6-EA869810EA32}.Debug|Any CPU.ActiveCfg = Debug|Any CPU
		{DAFBBB80-D285-4E20-9DD6-EA869810EA32}.Debug|Any CPU.Build.0 = Debug|Any CPU
		{DAFBBB80-D285-4E20-9DD6-EA869810EA32}.Release|Any CPU.ActiveCfg = Release|Any CPU
		{DAFBBB80-D285-4E20-9DD6-EA869810EA32}.Release|Any CPU.Build.0 = Release|Any CPU
		{8306751C-2471-42B0-8962-84CB0B3B1AC4}.Debug|Any CPU.ActiveCfg = Debug|Any CPU
		{8306751C-2471-42B0-8962-84CB0B3B1AC4}.Debug|Any CPU.Build.0 = Debug|Any CPU
		{8306751C-2471-42B0-8962-84CB0B3B1AC4}.Release|Any CPU.ActiveCfg = Release|Any CPU
		{8306751C-2471-42B0-8962-84CB0B3B1AC4}.Release|Any CPU.Build.0 = Release|Any CPU
		{8826A25F-25DA-458C-9A50-37A1F5F78136}.Debug|Any CPU.ActiveCfg = Debug|Any CPU
		{8826A25F-25DA-458C-9A50-37A1F5F78136}.Debug|Any CPU.Build.0 = Debug|Any CPU
		{8826A25F-25DA-458C-9A50-37A1F5F78136}.Release|Any CPU.ActiveCfg = Release|Any CPU
		{8826A25F-25DA-458C-9A50-37A1F5F78136}.Release|Any CPU.Build.0 = Release|Any CPU
		{94884C87-2231-4D94-84E4-70A90F794656}.Debug|Any CPU.ActiveCfg = Debug|Any CPU
		{94884C87-2231-4D94-84E4-70A90F794656}.Debug|Any CPU.Build.0 = Debug|Any CPU
		{94884C87-2231-4D94-84E4-70A90F794656}.Release|Any CPU.ActiveCfg = Release|Any CPU
		{94884C87-2231-4D94-84E4-70A90F794656}.Release|Any CPU.Build.0 = Release|Any CPU
		{1BBF051F-5BDF-4844-A636-AA0F99A581D9}.Debug|Any CPU.ActiveCfg = Debug|Any CPU
		{1BBF051F-5BDF-4844-A636-AA0F99A581D9}.Debug|Any CPU.Build.0 = Debug|Any CPU
		{1BBF051F-5BDF-4844-A636-AA0F99A581D9}.Release|Any CPU.ActiveCfg = Release|Any CPU
		{1BBF051F-5BDF-4844-A636-AA0F99A581D9}.Release|Any CPU.Build.0 = Release|Any CPU
		{9ECEAFD2-01B4-4F0F-AA2C-CDBF30051475}.Debug|Any CPU.ActiveCfg = Debug|Any CPU
		{9ECEAFD2-01B4-4F0F-AA2C-CDBF30051475}.Debug|Any CPU.Build.0 = Debug|Any CPU
		{9ECEAFD2-01B4-4F0F-AA2C-CDBF30051475}.Release|Any CPU.ActiveCfg = Release|Any CPU
		{9ECEAFD2-01B4-4F0F-AA2C-CDBF30051475}.Release|Any CPU.Build.0 = Release|Any CPU
		{1CD113FC-EA17-4C62-B16C-3CF009083A20}.Debug|Any CPU.ActiveCfg = Debug|Any CPU
		{1CD113FC-EA17-4C62-B16C-3CF009083A20}.Debug|Any CPU.Build.0 = Debug|Any CPU
		{1CD113FC-EA17-4C62-B16C-3CF009083A20}.Release|Any CPU.ActiveCfg = Release|Any CPU
		{1CD113FC-EA17-4C62-B16C-3CF009083A20}.Release|Any CPU.Build.0 = Release|Any CPU
		{7549F8F1-95F7-4F5D-AD16-84263D7934CA}.Debug|Any CPU.ActiveCfg = Debug|Any CPU
		{7549F8F1-95F7-4F5D-AD16-84263D7934CA}.Debug|Any CPU.Build.0 = Debug|Any CPU
		{7549F8F1-95F7-4F5D-AD16-84263D7934CA}.Release|Any CPU.ActiveCfg = Release|Any CPU
		{7549F8F1-95F7-4F5D-AD16-84263D7934CA}.Release|Any CPU.Build.0 = Release|Any CPU
		{ECA5BE3D-F816-4B66-A3C9-A9B41E0C96A7}.Debug|Any CPU.ActiveCfg = Debug|Any CPU
		{ECA5BE3D-F816-4B66-A3C9-A9B41E0C96A7}.Debug|Any CPU.Build.0 = Debug|Any CPU
		{ECA5BE3D-F816-4B66-A3C9-A9B41E0C96A7}.Release|Any CPU.ActiveCfg = Release|Any CPU
		{ECA5BE3D-F816-4B66-A3C9-A9B41E0C96A7}.Release|Any CPU.Build.0 = Release|Any CPU
		{9FB043C9-6C1D-41D8-93F6-3B685BB1EE88}.Debug|Any CPU.ActiveCfg = Debug|Any CPU
		{9FB043C9-6C1D-41D8-93F6-3B685BB1EE88}.Debug|Any CPU.Build.0 = Debug|Any CPU
		{9FB043C9-6C1D-41D8-93F6-3B685BB1EE88}.Release|Any CPU.ActiveCfg = Release|Any CPU
		{9FB043C9-6C1D-41D8-93F6-3B685BB1EE88}.Release|Any CPU.Build.0 = Release|Any CPU
		{696E0B1C-FFF0-4B8A-846F-129D6C879D32}.Debug|Any CPU.ActiveCfg = Debug|Any CPU
		{696E0B1C-FFF0-4B8A-846F-129D6C879D32}.Debug|Any CPU.Build.0 = Debug|Any CPU
		{696E0B1C-FFF0-4B8A-846F-129D6C879D32}.Release|Any CPU.ActiveCfg = Release|Any CPU
		{696E0B1C-FFF0-4B8A-846F-129D6C879D32}.Release|Any CPU.Build.0 = Release|Any CPU
		{BF92A307-B256-4006-9993-95C6F6B85D5D}.Debug|Any CPU.ActiveCfg = Debug|Any CPU
		{BF92A307-B256-4006-9993-95C6F6B85D5D}.Debug|Any CPU.Build.0 = Debug|Any CPU
		{BF92A307-B256-4006-9993-95C6F6B85D5D}.Release|Any CPU.ActiveCfg = Release|Any CPU
		{BF92A307-B256-4006-9993-95C6F6B85D5D}.Release|Any CPU.Build.0 = Release|Any CPU
		{127E404B-BFFB-48F5-8615-FD3AF5608C50}.Debug|Any CPU.ActiveCfg = Debug|Any CPU
		{127E404B-BFFB-48F5-8615-FD3AF5608C50}.Debug|Any CPU.Build.0 = Debug|Any CPU
		{127E404B-BFFB-48F5-8615-FD3AF5608C50}.Release|Any CPU.ActiveCfg = Release|Any CPU
		{127E404B-BFFB-48F5-8615-FD3AF5608C50}.Release|Any CPU.Build.0 = Release|Any CPU
		{62610F4D-4B6D-4DB5-95FA-BB5DFC91A75F}.Debug|Any CPU.ActiveCfg = Debug|Any CPU
		{62610F4D-4B6D-4DB5-95FA-BB5DFC91A75F}.Debug|Any CPU.Build.0 = Debug|Any CPU
		{62610F4D-4B6D-4DB5-95FA-BB5DFC91A75F}.Release|Any CPU.ActiveCfg = Release|Any CPU
		{62610F4D-4B6D-4DB5-95FA-BB5DFC91A75F}.Release|Any CPU.Build.0 = Release|Any CPU
		{82EE9CDC-CFC0-425E-A202-49BEFCB7A8ED}.Debug|Any CPU.ActiveCfg = Debug|Any CPU
		{82EE9CDC-CFC0-425E-A202-49BEFCB7A8ED}.Debug|Any CPU.Build.0 = Debug|Any CPU
		{82EE9CDC-CFC0-425E-A202-49BEFCB7A8ED}.Release|Any CPU.ActiveCfg = Release|Any CPU
		{82EE9CDC-CFC0-425E-A202-49BEFCB7A8ED}.Release|Any CPU.Build.0 = Release|Any CPU
		{DE362537-8215-4B77-85EE-DF50C92712E2}.Debug|Any CPU.ActiveCfg = Debug|Any CPU
		{DE362537-8215-4B77-85EE-DF50C92712E2}.Debug|Any CPU.Build.0 = Debug|Any CPU
		{DE362537-8215-4B77-85EE-DF50C92712E2}.Release|Any CPU.ActiveCfg = Release|Any CPU
		{DE362537-8215-4B77-85EE-DF50C92712E2}.Release|Any CPU.Build.0 = Release|Any CPU
		{E9BA0D9B-31C1-40AF-B434-6B0245B485F5}.Debug|Any CPU.ActiveCfg = Debug|Any CPU
		{E9BA0D9B-31C1-40AF-B434-6B0245B485F5}.Debug|Any CPU.Build.0 = Debug|Any CPU
		{E9BA0D9B-31C1-40AF-B434-6B0245B485F5}.Release|Any CPU.ActiveCfg = Release|Any CPU
		{E9BA0D9B-31C1-40AF-B434-6B0245B485F5}.Release|Any CPU.Build.0 = Release|Any CPU
		{FC410457-8CC8-4860-B515-05554C923474}.Debug|Any CPU.ActiveCfg = Debug|Any CPU
		{FC410457-8CC8-4860-B515-05554C923474}.Debug|Any CPU.Build.0 = Debug|Any CPU
		{FC410457-8CC8-4860-B515-05554C923474}.Release|Any CPU.ActiveCfg = Release|Any CPU
		{FC410457-8CC8-4860-B515-05554C923474}.Release|Any CPU.Build.0 = Release|Any CPU
		{3318406A-0D1B-4107-B57D-378691545433}.Debug|Any CPU.ActiveCfg = Debug|Any CPU
		{3318406A-0D1B-4107-B57D-378691545433}.Debug|Any CPU.Build.0 = Debug|Any CPU
		{3318406A-0D1B-4107-B57D-378691545433}.Release|Any CPU.ActiveCfg = Release|Any CPU
		{3318406A-0D1B-4107-B57D-378691545433}.Release|Any CPU.Build.0 = Release|Any CPU
		{A0A94F5D-0CF8-4D06-B3F3-BF3DA33D885A}.Debug|Any CPU.ActiveCfg = Debug|Any CPU
		{A0A94F5D-0CF8-4D06-B3F3-BF3DA33D885A}.Debug|Any CPU.Build.0 = Debug|Any CPU
		{A0A94F5D-0CF8-4D06-B3F3-BF3DA33D885A}.Release|Any CPU.ActiveCfg = Release|Any CPU
		{A0A94F5D-0CF8-4D06-B3F3-BF3DA33D885A}.Release|Any CPU.Build.0 = Release|Any CPU
		{A5DC1481-6F8C-439F-8AF4-FB156860A21A}.Debug|Any CPU.ActiveCfg = Debug|Any CPU
		{A5DC1481-6F8C-439F-8AF4-FB156860A21A}.Debug|Any CPU.Build.0 = Debug|Any CPU
		{A5DC1481-6F8C-439F-8AF4-FB156860A21A}.Release|Any CPU.ActiveCfg = Release|Any CPU
		{A5DC1481-6F8C-439F-8AF4-FB156860A21A}.Release|Any CPU.Build.0 = Release|Any CPU
		{B17EDDEA-DC86-4A0F-8368-B90F37777275}.Debug|Any CPU.ActiveCfg = Debug|Any CPU
		{B17EDDEA-DC86-4A0F-8368-B90F37777275}.Debug|Any CPU.Build.0 = Debug|Any CPU
		{B17EDDEA-DC86-4A0F-8368-B90F37777275}.Release|Any CPU.ActiveCfg = Release|Any CPU
		{B17EDDEA-DC86-4A0F-8368-B90F37777275}.Release|Any CPU.Build.0 = Release|Any CPU
		{30E66C50-ED61-499C-B3DB-8636540B6973}.Debug|Any CPU.ActiveCfg = Debug|Any CPU
		{30E66C50-ED61-499C-B3DB-8636540B6973}.Debug|Any CPU.Build.0 = Debug|Any CPU
		{30E66C50-ED61-499C-B3DB-8636540B6973}.Release|Any CPU.ActiveCfg = Release|Any CPU
		{30E66C50-ED61-499C-B3DB-8636540B6973}.Release|Any CPU.Build.0 = Release|Any CPU
		{F32BEA58-54F7-4226-83B6-FDBF6087D171}.Debug|Any CPU.ActiveCfg = Debug|Any CPU
		{F32BEA58-54F7-4226-83B6-FDBF6087D171}.Debug|Any CPU.Build.0 = Debug|Any CPU
		{F32BEA58-54F7-4226-83B6-FDBF6087D171}.Release|Any CPU.ActiveCfg = Release|Any CPU
		{F32BEA58-54F7-4226-83B6-FDBF6087D171}.Release|Any CPU.Build.0 = Release|Any CPU
	EndGlobalSection
	GlobalSection(SolutionProperties) = preSolution
		HideSolutionNode = FALSE
	EndGlobalSection
	GlobalSection(ExtensibilityGlobals) = postSolution
		SolutionGuid = {94F4B407-50EE-4A37-BDE4-BDA38F5D2BC9}
	EndGlobalSection
EndGlobal
